
Microsoft Visual Studio Solution File, Format Version 12.00
Project("{FAE04EC0-301F-11D3-BF4B-00C04F79EFBC}") = "ConversionManager", "ConversionManager\ConversionManager.csproj", "{E24647C0-1745-4B4D-B7B8-79EA06FAE0D8}"
EndProject
Project("{FAE04EC0-301F-11D3-BF4B-00C04F79EFBC}") = "MockConverter", "MockConverter\MockConverter.csproj", "{0C0766C0-5C7E-402C-BAFE-671065C9B9B1}"
EndProject
Global
	GlobalSection(SolutionConfigurationPlatforms) = preSolution
		Debug|Any CPU = Debug|Any CPU
		Release|Any CPU = Release|Any CPU
	EndGlobalSection
	GlobalSection(ProjectConfigurationPlatforms) = postSolution
		{E24647C0-1745-4B4D-B7B8-79EA06FAE0D8}.Debug|Any CPU.ActiveCfg = Debug|Any CPU
		{E24647C0-1745-4B4D-B7B8-79EA06FAE0D8}.Debug|Any CPU.Build.0 = Debug|Any CPU
		{E24647C0-1745-4B4D-B7B8-79EA06FAE0D8}.Release|Any CPU.ActiveCfg = Release|Any CPU
		{E24647C0-1745-4B4D-B7B8-79EA06FAE0D8}.Release|Any CPU.Build.0 = Release|Any CPU
		{0C0766C0-5C7E-402C-BAFE-671065C9B9B1}.Debug|Any CPU.ActiveCfg = Debug|Any CPU
		{0C0766C0-5C7E-402C-BAFE-671065C9B9B1}.Debug|Any CPU.Build.0 = Debug|Any CPU
		{0C0766C0-5C7E-402C-BAFE-671065C9B9B1}.Release|Any CPU.ActiveCfg = Release|Any CPU
		{0C0766C0-5C7E-402C-BAFE-671065C9B9B1}.Release|Any CPU.Build.0 = Release|Any CPU
	EndGlobalSection
EndGlobal
